// !$*UTF8*$!
{
	archiveVersion = 1;
	classes = {
	};
	objectVersion = 77;
	objects = {

/* Begin PBXContainerItemProxy section */
		AA3501E62DA23DC6005FDDAA /* PBXContainerItemProxy */ = {
			isa = PBXContainerItemProxy;
			containerPortal = AA3501CB2DA23DC4005FDDAA /* Project object */;
			proxyType = 1;
			remoteGlobalIDString = AA3501D22DA23DC4005FDDAA;
			remoteInfo = "LittleLemon-iOS";
		};
		AA3501F02DA23DC6005FDDAA /* PBXContainerItemProxy */ = {
			isa = PBXContainerItemProxy;
			containerPortal = AA3501CB2DA23DC4005FDDAA /* Project object */;
			proxyType = 1;
			remoteGlobalIDString = AA3501D22DA23DC4005FDDAA;
			remoteInfo = "LittleLemon-iOS";
		};
/* End PBXContainerItemProxy section */

/* Begin PBXFileReference section */
		AA3501D32DA23DC4005FDDAA /* LittleLemon-iOS.app */ = {isa = PBXFileReference; explicitFileType = wrapper.application; includeInIndex = 0; path = "LittleLemon-iOS.app"; sourceTree = BUILT_PRODUCTS_DIR; };
		AA3501E52DA23DC6005FDDAA /* LittleLemon-iOSTests.xctest */ = {isa = PBXFileReference; explicitFileType = wrapper.cfbundle; includeInIndex = 0; path = "LittleLemon-iOSTests.xctest"; sourceTree = BUILT_PRODUCTS_DIR; };
		AA3501EF2DA23DC6005FDDAA /* LittleLemon-iOSUITests.xctest */ = {isa = PBXFileReference; explicitFileType = wrapper.cfbundle; includeInIndex = 0; path = "LittleLemon-iOSUITests.xctest"; sourceTree = BUILT_PRODUCTS_DIR; };
/* End PBXFileReference section */

/* Begin PBXFileSystemSynchronizedRootGroup section */
		AA3501D52DA23DC4005FDDAA /* LittleLemon-iOS */ = {
			isa = PBXFileSystemSynchronizedRootGroup;
			path = "LittleLemon-iOS";
			sourceTree = "<group>";
		};
		AA3501E82DA23DC6005FDDAA /* LittleLemon-iOSTests */ = {
			isa = PBXFileSystemSynchronizedRootGroup;
			path = "LittleLemon-iOSTests";
			sourceTree = "<group>";
		};
		AA3501F22DA23DC6005FDDAA /* LittleLemon-iOSUITests */ = {
			isa = PBXFileSystemSynchronizedRootGroup;
			path = "LittleLemon-iOSUITests";
			sourceTree = "<group>";
		};
/* End PBXFileSystemSynchronizedRootGroup section */

/* Begin PBXFrameworksBuildPhase section */
		AA3501D02DA23DC4005FDDAA /* Frameworks */ = {
			isa = PBXFrameworksBuildPhase;
			buildActionMask = 2147483647;
			files = (
			);
			runOnlyForDeploymentPostprocessing = 0;
		};
		AA3501E22DA23DC6005FDDAA /* Frameworks */ = {
			isa = PBXFrameworksBuildPhase;
			buildActionMask = 2147483647;
			files = (
			);
			runOnlyForDeploymentPostprocessing = 0;
		};
		AA3501EC2DA23DC6005FDDAA /* Frameworks */ = {
			isa = PBXFrameworksBuildPhase;
			buildActionMask = 2147483647;
			files = (
			);
			runOnlyForDeploymentPostprocessing = 0;
		};
/* End PBXFrameworksBuildPhase section */

/* Begin PBXGroup section */
		AA3501CA2DA23DC4005FDDAA = {
			isa = PBXGroup;
			children = (
				AA3501D52DA23DC4005FDDAA /* LittleLemon-iOS */,
				AA3501E82DA23DC6005FDDAA /* LittleLemon-iOSTests */,
				AA3501F22DA23DC6005FDDAA /* LittleLemon-iOSUITests */,
				AA3501D42DA23DC4005FDDAA /* Products */,
			);
			sourceTree = "<group>";
		};
		AA3501D42DA23DC4005FDDAA /* Products */ = {
			isa = PBXGroup;
			children = (
				AA3501D32DA23DC4005FDDAA /* LittleLemon-iOS.app */,
				AA3501E52DA23DC6005FDDAA /* LittleLemon-iOSTests.xctest */,
				AA3501EF2DA23DC6005FDDAA /* LittleLemon-iOSUITests.xctest */,
			);
			name = Products;
			sourceTree = "<group>";
		};
/* End PBXGroup section */

/* Begin PBXNativeTarget section */
		AA3501D22DA23DC4005FDDAA /* LittleLemon-iOS */ = {
			isa = PBXNativeTarget;
			buildConfigurationList = AA3501F92DA23DC6005FDDAA /* Build configuration list for PBXNativeTarget "LittleLemon-iOS" */;
			buildPhases = (
				AA3501CF2DA23DC4005FDDAA /* Sources */,
				AA3501D02DA23DC4005FDDAA /* Frameworks */,
				AA3501D12DA23DC4005FDDAA /* Resources */,
			);
			buildRules = (
			);
			dependencies = (
			);
			fileSystemSynchronizedGroups = (
				AA3501D52DA23DC4005FDDAA /* LittleLemon-iOS */,
			);
			name = "LittleLemon-iOS";
			packageProductDependencies = (
			);
			productName = "LittleLemon-iOS";
			productReference = AA3501D32DA23DC4005FDDAA /* LittleLemon-iOS.app */;
			productType = "com.apple.product-type.application";
		};
		AA3501E42DA23DC6005FDDAA /* LittleLemon-iOSTests */ = {
			isa = PBXNativeTarget;
			buildConfigurationList = AA3501FC2DA23DC6005FDDAA /* Build configuration list for PBXNativeTarget "LittleLemon-iOSTests" */;
			buildPhases = (
				AA3501E12DA23DC6005FDDAA /* Sources */,
				AA3501E22DA23DC6005FDDAA /* Frameworks */,
				AA3501E32DA23DC6005FDDAA /* Resources */,
			);
			buildRules = (
			);
			dependencies = (
				AA3501E72DA23DC6005FDDAA /* PBXTargetDependency */,
			);
			fileSystemSynchronizedGroups = (
				AA3501E82DA23DC6005FDDAA /* LittleLemon-iOSTests */,
			);
			name = "LittleLemon-iOSTests";
			packageProductDependencies = (
			);
			productName = "LittleLemon-iOSTests";
			productReference = AA3501E52DA23DC6005FDDAA /* LittleLemon-iOSTests.xctest */;
			productType = "com.apple.product-type.bundle.unit-test";
		};
		AA3501EE2DA23DC6005FDDAA /* LittleLemon-iOSUITests */ = {
			isa = PBXNativeTarget;
			buildConfigurationList = AA3501FF2DA23DC6005FDDAA /* Build configuration list for PBXNativeTarget "LittleLemon-iOSUITests" */;
			buildPhases = (
				AA3501EB2DA23DC6005FDDAA /* Sources */,
				AA3501EC2DA23DC6005FDDAA /* Frameworks */,
				AA3501ED2DA23DC6005FDDAA /* Resources */,
			);
			buildRules = (
			);
			dependencies = (
				AA3501F12DA23DC6005FDDAA /* PBXTargetDependency */,
			);
			fileSystemSynchronizedGroups = (
				AA3501F22DA23DC6005FDDAA /* LittleLemon-iOSUITests */,
			);
			name = "LittleLemon-iOSUITests";
			packageProductDependencies = (
			);
			productName = "LittleLemon-iOSUITests";
			productReference = AA3501EF2DA23DC6005FDDAA /* LittleLemon-iOSUITests.xctest */;
			productType = "com.apple.product-type.bundle.ui-testing";
		};
/* End PBXNativeTarget section */

/* Begin PBXProject section */
		AA3501CB2DA23DC4005FDDAA /* Project object */ = {
			isa = PBXProject;
			attributes = {
				BuildIndependentTargetsInParallel = 1;
				LastSwiftUpdateCheck = 1630;
				LastUpgradeCheck = 1630;
				TargetAttributes = {
					AA3501D22DA23DC4005FDDAA = {
						CreatedOnToolsVersion = 16.3;
					};
					AA3501E42DA23DC6005FDDAA = {
						CreatedOnToolsVersion = 16.3;
						TestTargetID = AA3501D22DA23DC4005FDDAA;
					};
					AA3501EE2DA23DC6005FDDAA = {
						CreatedOnToolsVersion = 16.3;
						TestTargetID = AA3501D22DA23DC4005FDDAA;
					};
				};
			};
			buildConfigurationList = AA3501CE2DA23DC4005FDDAA /* Build configuration list for PBXProject "LittleLemon-iOS" */;
			developmentRegion = en;
			hasScannedForEncodings = 0;
			knownRegions = (
				en,
				Base,
			);
			mainGroup = AA3501CA2DA23DC4005FDDAA;
			minimizedProjectReferenceProxies = 1;
			preferredProjectObjectVersion = 77;
			productRefGroup = AA3501D42DA23DC4005FDDAA /* Products */;
			projectDirPath = "";
			projectRoot = "";
			targets = (
				AA3501D22DA23DC4005FDDAA /* LittleLemon-iOS */,
				AA3501E42DA23DC6005FDDAA /* LittleLemon-iOSTests */,
				AA3501EE2DA23DC6005FDDAA /* LittleLemon-iOSUITests */,
			);
		};
/* End PBXProject section */

/* Begin PBXResourcesBuildPhase section */
		AA3501D12DA23DC4005FDDAA /* Resources */ = {
			isa = PBXResourcesBuildPhase;
			buildActionMask = 2147483647;
			files = (
			);
			runOnlyForDeploymentPostprocessing = 0;
		};
		AA3501E32DA23DC6005FDDAA /* Resources */ = {
			isa = PBXResourcesBuildPhase;
			buildActionMask = 2147483647;
			files = (
			);
			runOnlyForDeploymentPostprocessing = 0;
		};
		AA3501ED2DA23DC6005FDDAA /* Resources */ = {
			isa = PBXResourcesBuildPhase;
			buildActionMask = 2147483647;
			files = (
			);
			runOnlyForDeploymentPostprocessing = 0;
		};
/* End PBXResourcesBuildPhase section */

/* Begin PBXSourcesBuildPhase section */
		AA3501CF2DA23DC4005FDDAA /* Sources */ = {
			isa = PBXSourcesBuildPhase;
			buildActionMask = 2147483647;
			files = (
			);
			runOnlyForDeploymentPostprocessing = 0;
		};
		AA3501E12DA23DC6005FDDAA /* Sources */ = {
			isa = PBXSourcesBuildPhase;
			buildActionMask = 2147483647;
			files = (
			);
			runOnlyForDeploymentPostprocessing = 0;
		};
		AA3501EB2DA23DC6005FDDAA /* Sources */ = {
			isa = PBXSourcesBuildPhase;
			buildActionMask = 2147483647;
			files = (
			);
			runOnlyForDeploymentPostprocessing = 0;
		};
/* End PBXSourcesBuildPhase section */

/* Begin PBXTargetDependency section */
		AA3501E72DA23DC6005FDDAA /* PBXTargetDependency */ = {
			isa = PBXTargetDependency;
			target = AA3501D22DA23DC4005FDDAA /* LittleLemon-iOS */;
			targetProxy = AA3501E62DA23DC6005FDDAA /* PBXContainerItemProxy */;
		};
		AA3501F12DA23DC6005FDDAA /* PBXTargetDependency */ = {
			isa = PBXTargetDependency;
			target = AA3501D22DA23DC4005FDDAA /* LittleLemon-iOS */;
			targetProxy = AA3501F02DA23DC6005FDDAA /* PBXContainerItemProxy */;
		};
/* End PBXTargetDependency section */

/* Begin XCBuildConfiguration section */
		AA3501F72DA23DC6005FDDAA /* Debug */ = {
			isa = XCBuildConfiguration;
			buildSettings = {
				ALWAYS_SEARCH_USER_PATHS = NO;
				ASSETCATALOG_COMPILER_GENERATE_SWIFT_ASSET_SYMBOL_EXTENSIONS = YES;
				CLANG_ANALYZER_NONNULL = YES;
				CLANG_ANALYZER_NUMBER_OBJECT_CONVERSION = YES_AGGRESSIVE;
				CLANG_CXX_LANGUAGE_STANDARD = "gnu++20";
				CLANG_ENABLE_MODULES = YES;
				CLANG_ENABLE_OBJC_ARC = YES;
				CLANG_ENABLE_OBJC_WEAK = YES;
				CLANG_WARN_BLOCK_CAPTURE_AUTORELEASING = YES;
				CLANG_WARN_BOOL_CONVERSION = YES;
				CLANG_WARN_COMMA = YES;
				CLANG_WARN_CONSTANT_CONVERSION = YES;
				CLANG_WARN_DEPRECATED_OBJC_IMPLEMENTATIONS = YES;
				CLANG_WARN_DIRECT_OBJC_ISA_USAGE = YES_ERROR;
				CLANG_WARN_DOCUMENTATION_COMMENTS = YES;
				CLANG_WARN_EMPTY_BODY = YES;
				CLANG_WARN_ENUM_CONVERSION = YES;
				CLANG_WARN_INFINITE_RECURSION = YES;
				CLANG_WARN_INT_CONVERSION = YES;
				CLANG_WARN_NON_LITERAL_NULL_CONVERSION = YES;
				CLANG_WARN_OBJC_IMPLICIT_RETAIN_SELF = YES;
				CLANG_WARN_OBJC_LITERAL_CONVERSION = YES;
				CLANG_WARN_OBJC_ROOT_CLASS = YES_ERROR;
				CLANG_WARN_QUOTED_INCLUDE_IN_FRAMEWORK_HEADER = YES;
				CLANG_WARN_RANGE_LOOP_ANALYSIS = YES;
				CLANG_WARN_STRICT_PROTOTYPES = YES;
				CLANG_WARN_SUSPICIOUS_MOVE = YES;
				CLANG_WARN_UNGUARDED_AVAILABILITY = YES_AGGRESSIVE;
				CLANG_WARN_UNREACHABLE_CODE = YES;
				CLANG_WARN__DUPLICATE_METHOD_MATCH = YES;
				COPY_PHASE_STRIP = NO;
				DEBUG_INFORMATION_FORMAT = dwarf;
				DEVELOPMENT_TEAM = 245ZHY2D5R;
				ENABLE_STRICT_OBJC_MSGSEND = YES;
				ENABLE_TESTABILITY = YES;
				ENABLE_USER_SCRIPT_SANDBOXING = YES;
				GCC_C_LANGUAGE_STANDARD = gnu17;
				GCC_DYNAMIC_NO_PIC = NO;
				GCC_NO_COMMON_BLOCKS = YES;
				GCC_OPTIMIZATION_LEVEL = 0;
				GCC_PREPROCESSOR_DEFINITIONS = (
					"DEBUG=1",
					"$(inherited)",
				);
				GCC_WARN_64_TO_32_BIT_CONVERSION = YES;
				GCC_WARN_ABOUT_RETURN_TYPE = YES_ERROR;
				GCC_WARN_UNDECLARED_SELECTOR = YES;
				GCC_WARN_UNINITIALIZED_AUTOS = YES_AGGRESSIVE;
				GCC_WARN_UNUSED_FUNCTION = YES;
				GCC_WARN_UNUSED_VARIABLE = YES;
				IPHONEOS_DEPLOYMENT_TARGET = 18.4;
				LOCALIZATION_PREFERS_STRING_CATALOGS = YES;
				MTL_ENABLE_DEBUG_INFO = INCLUDE_SOURCE;
				MTL_FAST_MATH = YES;
				ONLY_ACTIVE_ARCH = YES;
				SDKROOT = iphoneos;
				SWIFT_ACTIVE_COMPILATION_CONDITIONS = "DEBUG $(inherited)";
				SWIFT_OPTIMIZATION_LEVEL = "-Onone";
			};
			name = Debug;
		};
		AA3501F82DA23DC6005FDDAA /* Release */ = {
			isa = XCBuildConfiguration;
			buildSettings = {
				ALWAYS_SEARCH_USER_PATHS = NO;
				ASSETCATALOG_COMPILER_GENERATE_SWIFT_ASSET_SYMBOL_EXTENSIONS = YES;
				CLANG_ANALYZER_NONNULL = YES;
				CLANG_ANALYZER_NUMBER_OBJECT_CONVERSION = YES_AGGRESSIVE;
				CLANG_CXX_LANGUAGE_STANDARD = "gnu++20";
				CLANG_ENABLE_MODULES = YES;
				CLANG_ENABLE_OBJC_ARC = YES;
				CLANG_ENABLE_OBJC_WEAK = YES;
				CLANG_WARN_BLOCK_CAPTURE_AUTORELEASING = YES;
				CLANG_WARN_BOOL_CONVERSION = YES;
				CLANG_WARN_COMMA = YES;
				CLANG_WARN_CONSTANT_CONVERSION = YES;
				CLANG_WARN_DEPRECATED_OBJC_IMPLEMENTATIONS = YES;
				CLANG_WARN_DIRECT_OBJC_ISA_USAGE = YES_ERROR;
				CLANG_WARN_DOCUMENTATION_COMMENTS = YES;
				CLANG_WARN_EMPTY_BODY = YES;
				CLANG_WARN_ENUM_CONVERSION = YES;
				CLANG_WARN_INFINITE_RECURSION = YES;
				CLANG_WARN_INT_CONVERSION = YES;
				CLANG_WARN_NON_LITERAL_NULL_CONVERSION = YES;
				CLANG_WARN_OBJC_IMPLICIT_RETAIN_SELF = YES;
				CLANG_WARN_OBJC_LITERAL_CONVERSION = YES;
				CLANG_WARN_OBJC_ROOT_CLASS = YES_ERROR;
				CLANG_WARN_QUOTED_INCLUDE_IN_FRAMEWORK_HEADER = YES;
				CLANG_WARN_RANGE_LOOP_ANALYSIS = YES;
				CLANG_WARN_STRICT_PROTOTYPES = YES;
				CLANG_WARN_SUSPICIOUS_MOVE = YES;
				CLANG_WARN_UNGUARDED_AVAILABILITY = YES_AGGRESSIVE;
				CLANG_WARN_UNREACHABLE_CODE = YES;
				CLANG_WARN__DUPLICATE_METHOD_MATCH = YES;
				COPY_PHASE_STRIP = NO;
				DEBUG_INFORMATION_FORMAT = "dwarf-with-dsym";
				DEVELOPMENT_TEAM = 245ZHY2D5R;
				ENABLE_NS_ASSERTIONS = NO;
				ENABLE_STRICT_OBJC_MSGSEND = YES;
				ENABLE_USER_SCRIPT_SANDBOXING = YES;
				GCC_C_LANGUAGE_STANDARD = gnu17;
				GCC_NO_COMMON_BLOCKS = YES;
				GCC_WARN_64_TO_32_BIT_CONVERSION = YES;
				GCC_WARN_ABOUT_RETURN_TYPE = YES_ERROR;
				GCC_WARN_UNDECLARED_SELECTOR = YES;
				GCC_WARN_UNINITIALIZED_AUTOS = YES_AGGRESSIVE;
				GCC_WARN_UNUSED_FUNCTION = YES;
				GCC_WARN_UNUSED_VARIABLE = YES;
				IPHONEOS_DEPLOYMENT_TARGET = 18.4;
				LOCALIZATION_PREFERS_STRING_CATALOGS = YES;
				MTL_ENABLE_DEBUG_INFO = NO;
				MTL_FAST_MATH = YES;
				SDKROOT = iphoneos;
				SWIFT_COMPILATION_MODE = wholemodule;
				VALIDATE_PRODUCT = YES;
			};
			name = Release;
		};
		AA3501FA2DA23DC6005FDDAA /* Debug */ = {
			isa = XCBuildConfiguration;
			buildSettings = {
				ASSETCATALOG_COMPILER_APPICON_NAME = AppIcon;
				ASSETCATALOG_COMPILER_GLOBAL_ACCENT_COLOR_NAME = AccentColor;
				CODE_SIGN_STYLE = Automatic;
				CURRENT_PROJECT_VERSION = 1;
				DEVELOPMENT_TEAM = 245ZHY2D5R;
				ENABLE_PREVIEWS = YES;
				GENERATE_INFOPLIST_FILE = YES;
				INFOPLIST_KEY_UIApplicationSceneManifest_Generation = YES;
				INFOPLIST_KEY_UIApplicationSupportsIndirectInputEvents = YES;
				INFOPLIST_KEY_UILaunchScreen_Generation = YES;
				INFOPLIST_KEY_UISupportedInterfaceOrientations_iPad = "UIInterfaceOrientationPortrait UIInterfaceOrientationPortraitUpsideDown UIInterfaceOrientationLandscapeLeft UIInterfaceOrientationLandscapeRight";
				INFOPLIST_KEY_UISupportedInterfaceOrientations_iPhone = "UIInterfaceOrientationPortrait UIInterfaceOrientationLandscapeLeft UIInterfaceOrientationLandscapeRight";
				LD_RUNPATH_SEARCH_PATHS = (
					"$(inherited)",
					"@executable_path/Frameworks",
				);
				MARKETING_VERSION = 1.0;
				PRODUCT_BUNDLE_IDENTIFIER = "sibinski.LittleLemon-iOS";
				PRODUCT_NAME = "$(TARGET_NAME)";
				SWIFT_EMIT_LOC_STRINGS = YES;
				SWIFT_VERSION = 5.0;
				TARGETED_DEVICE_FAMILY = "1,2";
			};
			name = Debug;
		};
		AA3501FB2DA23DC6005FDDAA /* Release */ = {
			isa = XCBuildConfiguration;
			buildSettings = {
				ASSETCATALOG_COMPILER_APPICON_NAME = AppIcon;
				ASSETCATALOG_COMPILER_GLOBAL_ACCENT_COLOR_NAME = AccentColor;
				CODE_SIGN_STYLE = Automatic;
				CURRENT_PROJECT_VERSION = 1;
				DEVELOPMENT_TEAM = 245ZHY2D5R;
				ENABLE_PREVIEWS = YES;
				GENERATE_INFOPLIST_FILE = YES;
				INFOPLIST_KEY_UIApplicationSceneManifest_Generation = YES;
				INFOPLIST_KEY_UIApplicationSupportsIndirectInputEvents = YES;
				INFOPLIST_KEY_UILaunchScreen_Generation = YES;
				INFOPLIST_KEY_UISupportedInterfaceOrientations_iPad = "UIInterfaceOrientationPortrait UIInterfaceOrientationPortraitUpsideDown UIInterfaceOrientationLandscapeLeft UIInterfaceOrientationLandscapeRight";
				INFOPLIST_KEY_UISupportedInterfaceOrientations_iPhone = "UIInterfaceOrientationPortrait UIInterfaceOrientationLandscapeLeft UIInterfaceOrientationLandscapeRight";
				LD_RUNPATH_SEARCH_PATHS = (
					"$(inherited)",
					"@executable_path/Frameworks",
				);
				MARKETING_VERSION = 1.0;
				PRODUCT_BUNDLE_IDENTIFIER = "sibinski.LittleLemon-iOS";
				PRODUCT_NAME = "$(TARGET_NAME)";
				SWIFT_EMIT_LOC_STRINGS = YES;
				SWIFT_VERSION = 5.0;
				TARGETED_DEVICE_FAMILY = "1,2";
			};
			name = Release;
		};
		AA3501FD2DA23DC6005FDDAA /* Debug */ = {
			isa = XCBuildConfiguration;
			buildSettings = {
				BUNDLE_LOADER = "$(TEST_HOST)";
				CODE_SIGN_STYLE = Automatic;
				CURRENT_PROJECT_VERSION = 1;
				DEVELOPMENT_TEAM = 245ZHY2D5R;
				GENERATE_INFOPLIST_FILE = YES;
				IPHONEOS_DEPLOYMENT_TARGET = 18.4;
				MARKETING_VERSION = 1.0;
				PRODUCT_BUNDLE_IDENTIFIER = "sibinski.LittleLemon-iOSTests";
				PRODUCT_NAME = "$(TARGET_NAME)";
				SWIFT_EMIT_LOC_STRINGS = NO;
				SWIFT_VERSION = 5.0;
				TARGETED_DEVICE_FAMILY = "1,2";
				TEST_HOST = "$(BUILT_PRODUCTS_DIR)/LittleLemon-iOS.app/$(BUNDLE_EXECUTABLE_FOLDER_PATH)/LittleLemon-iOS";
			};
			name = Debug;
		};
		AA3501FE2DA23DC6005FDDAA /* Release */ = {
			isa = XCBuildConfiguration;
			buildSettings = {
				BUNDLE_LOADER = "$(TEST_HOST)";
				CODE_SIGN_STYLE = Automatic;
				CURRENT_PROJECT_VERSION = 1;
				DEVELOPMENT_TEAM = 245ZHY2D5R;
				GENERATE_INFOPLIST_FILE = YES;
				IPHONEOS_DEPLOYMENT_TARGET = 18.4;
				MARKETING_VERSION = 1.0;
				PRODUCT_BUNDLE_IDENTIFIER = "sibinski.LittleLemon-iOSTests";
				PRODUCT_NAME = "$(TARGET_NAME)";
				SWIFT_EMIT_LOC_STRINGS = NO;
				SWIFT_VERSION = 5.0;
				TARGETED_DEVICE_FAMILY = "1,2";
				TEST_HOST = "$(BUILT_PRODUCTS_DIR)/LittleLemon-iOS.app/$(BUNDLE_EXECUTABLE_FOLDER_PATH)/LittleLemon-iOS";
			};
			name = Release;
		};
		AA3502002DA23DC6005FDDAA /* Debug */ = {
			isa = XCBuildConfiguration;
			buildSettings = {
				CODE_SIGN_STYLE = Automatic;
				CURRENT_PROJECT_VERSION = 1;
				DEVELOPMENT_TEAM = 245ZHY2D5R;
				GENERATE_INFOPLIST_FILE = YES;
				MARKETING_VERSION = 1.0;
				PRODUCT_BUNDLE_IDENTIFIER = "sibinski.LittleLemon-iOSUITests";
				PRODUCT_NAME = "$(TARGET_NAME)";
				SWIFT_EMIT_LOC_STRINGS = NO;
				SWIFT_VERSION = 5.0;
				TARGETED_DEVICE_FAMILY = "1,2";
				TEST_TARGET_NAME = "LittleLemon-iOS";
			};
			name = Debug;
		};
		AA3502012DA23DC6005FDDAA /* Release */ = {
			isa = XCBuildConfiguration;
			buildSettings = {
				CODE_SIGN_STYLE = Automatic;
				CURRENT_PROJECT_VERSION = 1;
				DEVELOPMENT_TEAM = 245ZHY2D5R;
				GENERATE_INFOPLIST_FILE = YES;
				MARKETING_VERSION = 1.0;
				PRODUCT_BUNDLE_IDENTIFIER = "sibinski.LittleLemon-iOSUITests";
				PRODUCT_NAME = "$(TARGET_NAME)";
				SWIFT_EMIT_LOC_STRINGS = NO;
				SWIFT_VERSION = 5.0;
				TARGETED_DEVICE_FAMILY = "1,2";
				TEST_TARGET_NAME = "LittleLemon-iOS";
			};
			name = Release;
		};
/* End XCBuildConfiguration section */

/* Begin XCConfigurationList section */
		AA3501CE2DA23DC4005FDDAA /* Build configuration list for PBXProject "LittleLemon-iOS" */ = {
			isa = XCConfigurationList;
			buildConfigurations = (
				AA3501F72DA23DC6005FDDAA /* Debug */,
				AA3501F82DA23DC6005FDDAA /* Release */,
			);
			defaultConfigurationIsVisible = 0;
			defaultConfigurationName = Release;
		};
		AA3501F92DA23DC6005FDDAA /* Build configuration list for PBXNativeTarget "LittleLemon-iOS" */ = {
			isa = XCConfigurationList;
			buildConfigurations = (
				AA3501FA2DA23DC6005FDDAA /* Debug */,
				AA3501FB2DA23DC6005FDDAA /* Release */,
			);
			defaultConfigurationIsVisible = 0;
			defaultConfigurationName = Release;
		};
		AA3501FC2DA23DC6005FDDAA /* Build configuration list for PBXNativeTarget "LittleLemon-iOSTests" */ = {
			isa = XCConfigurationList;
			buildConfigurations = (
				AA3501FD2DA23DC6005FDDAA /* Debug */,
				AA3501FE2DA23DC6005FDDAA /* Release */,
			);
			defaultConfigurationIsVisible = 0;
			defaultConfigurationName = Release;
		};
		AA3501FF2DA23DC6005FDDAA /* Build configuration list for PBXNativeTarget "LittleLemon-iOSUITests" */ = {
			isa = XCConfigurationList;
			buildConfigurations = (
				AA3502002DA23DC6005FDDAA /* Debug */,
				AA3502012DA23DC6005FDDAA /* Release */,
			);
			defaultConfigurationIsVisible = 0;
			defaultConfigurationName = Release;
		};
/* End XCConfigurationList section */
	};
	rootObject = AA3501CB2DA23DC4005FDDAA /* Project object */;
}
